
Microsoft Visual Studio Solution File, Format Version 12.00
# Visual Studio Version 17
VisualStudioVersion = 17.8.34408.163
MinimumVisualStudioVersion = 10.0.40219.1
Project("{9A19103F-16F7-4668-BE54-9A1E7A4F7556}") = "gbfrelink.utility.manager", "gbfrelink.utility.manager\gbfrelink.utility.manager.csproj", "{A75B1810-8E6E-4655-86EB-DFDD6F9D38A4}"
EndProject
Project("{FAE04EC0-301F-11D3-BF4B-00C04F79EFBC}") = "gbfrelink.utility.manager.Interfaces", "gbfrelink.utility.manager.Interfaces\gbfrelink.utility.manager.Interfaces.csproj", "{D5E8D5E0-020E-4754-9788-5725B2431871}"
EndProject
Global
	GlobalSection(SolutionConfigurationPlatforms) = preSolution
		Debug|Any CPU = Debug|Any CPU
		Release|Any CPU = Release|Any CPU
	EndGlobalSection
	GlobalSection(ProjectConfigurationPlatforms) = postSolution
		{A75B1810-8E6E-4655-86EB-DFDD6F9D38A4}.Debug|Any CPU.ActiveCfg = Debug|Any CPU
		{A75B1810-8E6E-4655-86EB-DFDD6F9D38A4}.Debug|Any CPU.Build.0 = Debug|Any CPU
		{A75B1810-8E6E-4655-86EB-DFDD6F9D38A4}.Release|Any CPU.ActiveCfg = Release|Any CPU
		{A75B1810-8E6E-4655-86EB-DFDD6F9D38A4}.Release|Any CPU.Build.0 = Release|Any CPU
		{D5E8D5E0-020E-4754-9788-5725B2431871}.Debug|Any CPU.ActiveCfg = Debug|Any CPU
		{D5E8D5E0-020E-4754-9788-5725B2431871}.Debug|Any CPU.Build.0 = Debug|Any CPU
		{D5E8D5E0-020E-4754-9788-5725B2431871}.Release|Any CPU.ActiveCfg = Release|Any CPU
		{D5E8D5E0-020E-4754-9788-5725B2431871}.Release|Any CPU.Build.0 = Release|Any CPU
	EndGlobalSection
	GlobalSection(SolutionProperties) = preSolution
		HideSolutionNode = FALSE
	EndGlobalSection
EndGlobal
